
Microsoft Visual Studio Solution File, Format Version 12.00
# Visual Studio 14
VisualStudioVersion = 14.0.24720.0
MinimumVisualStudioVersion = 10.0.40219.1
Project("{FAE04EC0-301F-11D3-BF4B-00C04F79EFBC}") = "UnitcareNetworkAdmin.Auth", "UnitcareNetworkAdmin.Auth\UnitcareNetworkAdmin.Auth.csproj", "{046F43EF-498D-4A8B-9DFE-56C63C0E68F9}"
EndProject
Project("{FAE04EC0-301F-11D3-BF4B-00C04F79EFBC}") = "UnitcareNetworkAdmin.UI", "UnitcareNetworkAdmin.UI\UnitcareNetworkAdmin.UI.csproj", "{4AD6BD0A-DD15-445C-8C22-4440CA55E1E9}"
EndProject
Global
	GlobalSection(SolutionConfigurationPlatforms) = preSolution
		Debug|Any CPU = Debug|Any CPU
		Release|Any CPU = Release|Any CPU
	EndGlobalSection
	GlobalSection(ProjectConfigurationPlatforms) = postSolution
		{046F43EF-498D-4A8B-9DFE-56C63C0E68F9}.Debug|Any CPU.ActiveCfg = Debug|Any CPU
		{046F43EF-498D-4A8B-9DFE-56C63C0E68F9}.Debug|Any CPU.Build.0 = Debug|Any CPU
		{046F43EF-498D-4A8B-9DFE-56C63C0E68F9}.Release|Any CPU.ActiveCfg = Release|Any CPU
		{046F43EF-498D-4A8B-9DFE-56C63C0E68F9}.Release|Any CPU.Build.0 = Release|Any CPU
		{4AD6BD0A-DD15-445C-8C22-4440CA55E1E9}.Debug|Any CPU.ActiveCfg = Debug|Any CPU
		{4AD6BD0A-DD15-445C-8C22-4440CA55E1E9}.Debug|Any CPU.Build.0 = Debug|Any CPU
		{4AD6BD0A-DD15-445C-8C22-4440CA55E1E9}.Release|Any CPU.ActiveCfg = Release|Any CPU
		{4AD6BD0A-DD15-445C-8C22-4440CA55E1E9}.Release|Any CPU.Build.0 = Release|Any CPU
	EndGlobalSection
	GlobalSection(SolutionProperties) = preSolution
		HideSolutionNode = FALSE
	EndGlobalSection
EndGlobal
